
Microsoft Visual Studio Solution File, Format Version 12.00
# Visual Studio Version 17
VisualStudioVersion = 17.0.32014.148
MinimumVisualStudioVersion = 10.0.40219.1
Project("{8BC9CEB8-8B4A-11D0-8D11-00A0C91BC942}") = "RealBloom", "RealBloom\RealBloom.vcxproj", "{D56AA1C7-BB67-4826-99EE-A813C8EA3DD7}"
EndProject
Project("{8BC9CEB8-8B4A-11D0-8D11-00A0C91BC942}") = "RealBloomGpuHelper", "RealBloomGpuHelper\RealBloomGpuHelper.vcxproj", "{DEC0CE3E-FC16-4D47-B1DC-8B06E4EC1393}"
EndProject
Global
	GlobalSection(SolutionConfigurationPlatforms) = preSolution
		Debug|x64 = Debug|x64
		Debug|x86 = Debug|x86
		Release|x64 = Release|x64
		Release|x86 = Release|x86
	EndGlobalSection
	GlobalSection(ProjectConfigurationPlatforms) = postSolution
		{D56AA1C7-BB67-4826-99EE-A813C8EA3DD7}.Debug|x64.ActiveCfg = Debug|x64
		{D56AA1C7-BB67-4826-99EE-A813C8EA3DD7}.Debug|x64.Build.0 = Debug|x64
		{D56AA1C7-BB67-4826-99EE-A813C8EA3DD7}.Debug|x86.ActiveCfg = Debug|Win32
		{D56AA1C7-BB67-4826-99EE-A813C8EA3DD7}.Debug|x86.Build.0 = Debug|Win32
		{D56AA1C7-BB67-4826-99EE-A813C8EA3DD7}.Release|x64.ActiveCfg = Release|x64
		{D56AA1C7-BB67-4826-99EE-A813C8EA3DD7}.Release|x64.Build.0 = Release|x64
		{D56AA1C7-BB67-4826-99EE-A813C8EA3DD7}.Release|x86.ActiveCfg = Release|Win32
		{D56AA1C7-BB67-4826-99EE-A813C8EA3DD7}.Release|x86.Build.0 = Release|Win32
		{DEC0CE3E-FC16-4D47-B1DC-8B06E4EC1393}.Debug|x64.ActiveCfg = Debug|x64
		{DEC0CE3E-FC16-4D47-B1DC-8B06E4EC1393}.Debug|x64.Build.0 = Debug|x64
		{DEC0CE3E-FC16-4D47-B1DC-8B06E4EC1393}.Debug|x86.ActiveCfg = Debug|Win32
		{DEC0CE3E-FC16-4D47-B1DC-8B06E4EC1393}.Debug|x86.Build.0 = Debug|Win32
		{DEC0CE3E-FC16-4D47-B1DC-8B06E4EC1393}.Release|x64.ActiveCfg = Release|x64
		{DEC0CE3E-FC16-4D47-B1DC-8B06E4EC1393}.Release|x64.Build.0 = Release|x64
		{DEC0CE3E-FC16-4D47-B1DC-8B06E4EC1393}.Release|x86.ActiveCfg = Release|Win32
		{DEC0CE3E-FC16-4D47-B1DC-8B06E4EC1393}.Release|x86.Build.0 = Release|Win32
	EndGlobalSection
	GlobalSection(SolutionProperties) = preSolution
		HideSolutionNode = FALSE
	EndGlobalSection
	GlobalSection(ExtensibilityGlobals) = postSolution
		SolutionGuid = {E9B1456D-0B22-4F9B-A217-27B034120FEF}
	EndGlobalSection
EndGlobal
