<?xml version="1.0" encoding="utf-8"?>
<Project ToolsVersion="4.0" xmlns="http://schemas.microsoft.com/developer/msbuild/2003">
  <ItemGroup>
    <Filter Include="Source Files">
      <UniqueIdentifier>{4FC737F1-C7A5-4376-A066-2A32D752A2FF}</UniqueIdentifier>
      <Extensions>cpp;c;cc;cxx;c++;cppm;ixx;def;odl;idl;hpj;bat;asm;asmx</Extensions>
    </Filter>
    <Filter Include="Header Files">
      <UniqueIdentifier>{93995380-89BD-4b04-88EB-625FBE52EBFB}</UniqueIdentifier>
      <Extensions>h;hh;hpp;hxx;h++;hm;inl;inc;ipp;xsd</Extensions>
    </Filter>
    <Filter Include="Resource Files">
      <UniqueIdentifier>{67DA6AB6-F800-4c08-8B7A-83BB121AAD01}</UniqueIdentifier>
      <Extensions>rc;ico;cur;bmp;dlg;rc2;rct;bin;rgs;gif;jpg;jpeg;jpe;resx;tiff;tif;png;wav;mfcribbon-ms</Extensions>
    </Filter>
  </ItemGroup>
  <ItemGroup>
    <ClCompile Include="src\MainGPU.cpp">
      <Filter>Source Files</Filter>
    </ClCompile>
    <ClCompile Include="src\RealBloom\ConvNaiveGpu.cpp">
      <Filter>Source Files</Filter>
    </ClCompile>
    <ClCompile Include="src\Utils\GlContext.cpp">
      <Filter>Source Files</Filter>
    </ClCompile>
    <ClCompile Include="..\RealBloom\src\Utils\GlFrameBuffer.cpp">
      <Filter>Source Files</Filter>
    </ClCompile>
    <ClCompile Include="..\RealBloom\src\Utils\GlUtils.cpp">
      <Filter>Source Files</Filter>
    </ClCompile>
    <ClCompile Include="..\RealBloom\src\Utils\Misc.cpp">
      <Filter>Source Files</Filter>
    </ClCompile>
    <ClCompile Include="..\RealBloom\src\Utils\NumberHelpers.cpp">
      <Filter>Source Files</Filter>
    </ClCompile>
    <ClCompile Include="..\RealBloom\src\Utils\RandomNumber.cpp">
      <Filter>Source Files</Filter>
    </ClCompile>
    <ClCompile Include="..\RealBloom\src\Config.cpp">
      <Filter>Source Files</Filter>
    </ClCompile>
    <ClCompile Include="..\RealBloom\src\RealBloom\Binary\BinaryConvNaiveGpu.cpp">
      <Filter>Source Files</Filter>
    </ClCompile>
    <ClCompile Include="..\RealBloom\src\RealBloom\Binary\BinaryData.cpp">
      <Filter>Source Files</Filter>
    </ClCompile>
    <ClCompile Include="..\RealBloom\src\Utils\StreamUtils.cpp">
      <Filter>Source Files</Filter>
    </ClCompile>
    <ClCompile Include="..\RealBloom\src\Utils\StringUtils.cpp">
      <Filter>Source Files</Filter>
    </ClCompile>
    <ClCompile Include="..\RealBloom\src\RealBloom\GpuHelper.cpp">
      <Filter>Source Files</Filter>
    </ClCompile>
    <ClCompile Include="..\RealBloom\src\Async.cpp">
      <Filter>Source Files</Filter>
    </ClCompile>
    <ClCompile Include="..\RealBloom\include\glfft\glfft.cpp">
      <Filter>Source Files</Filter>
    </ClCompile>
    <ClCompile Include="..\RealBloom\include\glfft\glfft_gl_interface.cpp">
      <Filter>Source Files</Filter>
    </ClCompile>
    <ClCompile Include="..\RealBloom\include\glfft\glfft_wisdom.cpp">
      <Filter>Source Files</Filter>
    </ClCompile>
    <ClCompile Include="src\RealBloom\ConvFftGpu.cpp">
      <Filter>Source Files</Filter>
    </ClCompile>
    <ClCompile Include="..\RealBloom\src\Utils\GlShaderStorageBuffer.cpp">
      <Filter>Source Files</Filter>
    </ClCompile>
    <ClCompile Include="..\RealBloom\src\RealBloom\Binary\BinaryConvFftGpu.cpp">
      <Filter>Source Files</Filter>
    </ClCompile>
  </ItemGroup>
  <ItemGroup>
    <Library Include="libs\glew32s.lib" />
  </ItemGroup>
  <ItemGroup>
    <ClInclude Include="include\GL\eglew.h">
      <Filter>Header Files</Filter>
    </ClInclude>
    <ClInclude Include="include\GL\glew.h">
      <Filter>Header Files</Filter>
    </ClInclude>
    <ClInclude Include="include\GL\glxew.h">
      <Filter>Header Files</Filter>
    </ClInclude>
    <ClInclude Include="include\GL\wglew.h">
      <Filter>Header Files</Filter>
    </ClInclude>
    <ClInclude Include="src\RealBloom\ConvNaiveGpu.h">
      <Filter>Header Files</Filter>
    </ClInclude>
    <ClInclude Include="src\Utils\GlContext.h">
      <Filter>Header Files</Filter>
    </ClInclude>
    <ClInclude Include="..\RealBloom\src\Utils\GlFrameBuffer.h">
      <Filter>Header Files</Filter>
    </ClInclude>
    <ClInclude Include="..\RealBloom\src\Utils\GlUtils.h">
      <Filter>Header Files</Filter>
    </ClInclude>
    <ClInclude Include="..\RealBloom\src\Utils\Misc.h">
      <Filter>Header Files</Filter>
    </ClInclude>
    <ClInclude Include="..\RealBloom\src\Utils\NumberHelpers.h">
      <Filter>Header Files</Filter>
    </ClInclude>
    <ClInclude Include="..\RealBloom\src\Utils\RandomNumber.h">
      <Filter>Header Files</Filter>
    </ClInclude>
    <ClInclude Include="..\RealBloom\include\inih\INIReader.h">
      <Filter>Header Files</Filter>
    </ClInclude>
    <ClInclude Include="..\RealBloom\src\Config.h">
      <Filter>Header Files</Filter>
    </ClInclude>
    <ClInclude Include="..\RealBloom\src\RealBloom\Binary\BinaryConvNaiveGpu.h">
      <Filter>Header Files</Filter>
    </ClInclude>
    <ClInclude Include="..\RealBloom\src\RealBloom\Binary\BinaryData.h">
      <Filter>Header Files</Filter>
    </ClInclude>
    <ClInclude Include="..\RealBloom\src\Utils\StreamUtils.h">
      <Filter>Header Files</Filter>
    </ClInclude>
    <ClInclude Include="..\RealBloom\src\Utils\StringUtils.h">
      <Filter>Header Files</Filter>
    </ClInclude>
    <ClInclude Include="..\RealBloom\src\RealBloom\GpuHelper.h">
      <Filter>Header Files</Filter>
    </ClInclude>
    <ClInclude Include="..\RealBloom\src\Async.h">
      <Filter>Header Files</Filter>
    </ClInclude>
    <ClInclude Include="..\RealBloom\include\glfft\glfft.hpp">
      <Filter>Header Files</Filter>
    </ClInclude>
    <ClInclude Include="..\RealBloom\include\glfft\glfft_common.hpp">
      <Filter>Header Files</Filter>
    </ClInclude>
    <ClInclude Include="..\RealBloom\include\glfft\glfft_gl_api_headers.hpp">
      <Filter>Header Files</Filter>
    </ClInclude>
    <ClInclude Include="..\RealBloom\include\glfft\glfft_gl_interface.hpp">
      <Filter>Header Files</Filter>
    </ClInclude>
    <ClInclude Include="..\RealBloom\include\glfft\glfft_interface.hpp">
      <Filter>Header Files</Filter>
    </ClInclude>
    <ClInclude Include="..\RealBloom\include\glfft\glfft_wisdom.hpp">
      <Filter>Header Files</Filter>
    </ClInclude>
    <ClInclude Include="src\RealBloom\ConvFftGpu.h">
      <Filter>Header Files</Filter>
    </ClInclude>
    <ClInclude Include="..\RealBloom\src\Utils\Array2D.h">
      <Filter>Header Files</Filter>
    </ClInclude>
    <ClInclude Include="..\RealBloom\src\Utils\GlShaderStorageBuffer.h">
      <Filter>Header Files</Filter>
    </ClInclude>
    <ClInclude Include="..\RealBloom\src\RealBloom\Binary\BinaryConvFftGpu.h">
      <Filter>Header Files</Filter>
    </ClInclude>
  </ItemGroup>
  <ItemGroup>
    <None Include="..\RealBloom\include\glfft\glsl\fft_common.inc">
      <Filter>Header Files</Filter>
    </None>
    <None Include="..\RealBloom\include\glfft\glsl\fft_main.inc">
      <Filter>Header Files</Filter>
    </None>
    <None Include="..\RealBloom\include\glfft\glsl\fft_radix4.inc">
      <Filter>Header Files</Filter>
    </None>
    <None Include="..\RealBloom\include\glfft\glsl\fft_radix8.inc">
      <Filter>Header Files</Filter>
    </None>
    <None Include="..\RealBloom\include\glfft\glsl\fft_radix16.inc">
      <Filter>Header Files</Filter>
    </None>
    <None Include="..\RealBloom\include\glfft\glsl\fft_radix64.inc">
      <Filter>Header Files</Filter>
    </None>
    <None Include="..\RealBloom\include\glfft\glsl\fft_shared.inc">
      <Filter>Header Files</Filter>
    </None>
  </ItemGroup>
</Project>