<?xml version="1.0" encoding="utf-8"?>
<Project ToolsVersion="4.0" xmlns="http://schemas.microsoft.com/developer/msbuild/2003">
  <ItemGroup>
    <Filter Include="Source Files">
      <UniqueIdentifier>{4FC737F1-C7A5-4376-A066-2A32D752A2FF}</UniqueIdentifier>
      <Extensions>cpp;c;cc;cxx;c++;cppm;ixx;def;odl;idl;hpj;bat;asm;asmx</Extensions>
    </Filter>
    <Filter Include="Header Files">
      <UniqueIdentifier>{93995380-89BD-4b04-88EB-625FBE52EBFB}</UniqueIdentifier>
      <Extensions>h;hh;hpp;hxx;h++;hm;inl;inc;ipp;xsd</Extensions>
    </Filter>
    <Filter Include="Resource Files">
      <UniqueIdentifier>{67DA6AB6-F800-4c08-8B7A-83BB121AAD01}</UniqueIdentifier>
      <Extensions>rc;ico;cur;bmp;dlg;rc2;rct;bin;rgs;gif;jpg;jpeg;jpe;resx;tiff;tif;png;wav;mfcribbon-ms</Extensions>
    </Filter>
  </ItemGroup>
  <ItemGroup>
    <ClCompile Include="src\Main.cpp">
      <Filter>Source Files</Filter>
    </ClCompile>
    <ClCompile Include="src\RealBloom\DiffractionPattern.cpp">
      <Filter>Source Files</Filter>
    </ClCompile>
    <ClCompile Include="src\Utils\NumberHelpers.cpp">
      <Filter>Source Files</Filter>
    </ClCompile>
    <ClCompile Include="src\Utils\Wavelength.cpp">
      <Filter>Source Files</Filter>
    </ClCompile>
    <ClCompile Include="src\RealBloom\Dispersion.cpp">
      <Filter>Source Files</Filter>
    </ClCompile>
    <ClCompile Include="src\RealBloom\Convolution.cpp">
      <Filter>Source Files</Filter>
    </ClCompile>
    <ClCompile Include="src\Utils\Bilinear.cpp">
      <Filter>Source Files</Filter>
    </ClCompile>
    <ClCompile Include="src\imgui\imgui.cpp">
      <Filter>Source Files</Filter>
    </ClCompile>
    <ClCompile Include="src\imgui\imgui_demo.cpp">
      <Filter>Source Files</Filter>
    </ClCompile>
    <ClCompile Include="src\imgui\imgui_draw.cpp">
      <Filter>Source Files</Filter>
    </ClCompile>
    <ClCompile Include="src\imgui\imgui_impl_glfw.cpp">
      <Filter>Source Files</Filter>
    </ClCompile>
    <ClCompile Include="src\imgui\imgui_impl_opengl3.cpp">
      <Filter>Source Files</Filter>
    </ClCompile>
    <ClCompile Include="src\imgui\imgui_impl_win32.cpp">
      <Filter>Source Files</Filter>
    </ClCompile>
    <ClCompile Include="src\imgui\imgui_tables.cpp">
      <Filter>Source Files</Filter>
    </ClCompile>
    <ClCompile Include="src\imgui\imgui_widgets.cpp">
      <Filter>Source Files</Filter>
    </ClCompile>
    <ClCompile Include="src\RealBloom\ConvolutionThread.cpp">
      <Filter>Source Files</Filter>
    </ClCompile>
    <ClCompile Include="src\Utils\Misc.cpp">
      <Filter>Source Files</Filter>
    </ClCompile>
    <ClCompile Include="src\Utils\RandomNumber.cpp">
      <Filter>Source Files</Filter>
    </ClCompile>
    <ClCompile Include="src\Async.cpp">
      <Filter>Source Files</Filter>
    </ClCompile>
    <ClCompile Include="src\Config.cpp">
      <Filter>Source Files</Filter>
    </ClCompile>
    <ClCompile Include="include\oiio\detail\pugixml\pugixml.cpp">
      <Filter>Source Files</Filter>
    </ClCompile>
    <ClCompile Include="src\ColorManagement\CMImage.cpp">
      <Filter>Source Files</Filter>
    </ClCompile>
    <ClCompile Include="src\ColorManagement\CMImageIO.cpp">
      <Filter>Source Files</Filter>
    </ClCompile>
    <ClCompile Include="src\ColorManagement\CMS.cpp">
      <Filter>Source Files</Filter>
    </ClCompile>
  </ItemGroup>
  <ItemGroup>
    <ClInclude Include="src\RealBloom\DiffractionPattern.h">
      <Filter>Header Files</Filter>
    </ClInclude>
    <ClInclude Include="include\fftw\fftw3.h">
      <Filter>Header Files</Filter>
    </ClInclude>
    <ClInclude Include="include\GLFW\glfw3.h">
      <Filter>Header Files</Filter>
    </ClInclude>
    <ClInclude Include="include\GLFW\glfw3native.h">
      <Filter>Header Files</Filter>
    </ClInclude>
    <ClInclude Include="src\Main.h">
      <Filter>Header Files</Filter>
    </ClInclude>
    <ClInclude Include="src\Config.h">
      <Filter>Header Files</Filter>
    </ClInclude>
    <ClInclude Include="src\Utils\NumberHelpers.h">
      <Filter>Header Files</Filter>
    </ClInclude>
    <ClInclude Include="src\Utils\Wavelength.h">
      <Filter>Header Files</Filter>
    </ClInclude>
    <ClInclude Include="src\RealBloom\Dispersion.h">
      <Filter>Header Files</Filter>
    </ClInclude>
    <ClInclude Include="src\RealBloom\Convolution.h">
      <Filter>Header Files</Filter>
    </ClInclude>
    <ClInclude Include="src\Utils\Bilinear.h">
      <Filter>Header Files</Filter>
    </ClInclude>
    <ClInclude Include="src\imgui\imconfig.h">
      <Filter>Header Files</Filter>
    </ClInclude>
    <ClInclude Include="src\imgui\imgui.h">
      <Filter>Header Files</Filter>
    </ClInclude>
    <ClInclude Include="src\imgui\imgui_impl_glfw.h">
      <Filter>Header Files</Filter>
    </ClInclude>
    <ClInclude Include="src\imgui\imgui_impl_opengl3.h">
      <Filter>Header Files</Filter>
    </ClInclude>
    <ClInclude Include="src\imgui\imgui_impl_opengl3_loader.h">
      <Filter>Header Files</Filter>
    </ClInclude>
    <ClInclude Include="src\imgui\imgui_impl_win32.h">
      <Filter>Header Files</Filter>
    </ClInclude>
    <ClInclude Include="src\imgui\imgui_internal.h">
      <Filter>Header Files</Filter>
    </ClInclude>
    <ClInclude Include="src\imgui\imstb_rectpack.h">
      <Filter>Header Files</Filter>
    </ClInclude>
    <ClInclude Include="src\imgui\imstb_textedit.h">
      <Filter>Header Files</Filter>
    </ClInclude>
    <ClInclude Include="src\imgui\imstb_truetype.h">
      <Filter>Header Files</Filter>
    </ClInclude>
    <ClInclude Include="src\RealBloom\ConvolutionThread.h">
      <Filter>Header Files</Filter>
    </ClInclude>
    <ClInclude Include="src\Utils\Misc.h">
      <Filter>Header Files</Filter>
    </ClInclude>
    <ClInclude Include="include\nfd\nfd.h">
      <Filter>Header Files</Filter>
    </ClInclude>
    <ClInclude Include="include\GL\eglew.h">
      <Filter>Header Files</Filter>
    </ClInclude>
    <ClInclude Include="include\GL\glew.h">
      <Filter>Header Files</Filter>
    </ClInclude>
    <ClInclude Include="include\GL\glxew.h">
      <Filter>Header Files</Filter>
    </ClInclude>
    <ClInclude Include="include\GL\wglew.h">
      <Filter>Header Files</Filter>
    </ClInclude>
    <ClInclude Include="src\Utils\RandomNumber.h">
      <Filter>Header Files</Filter>
    </ClInclude>
    <ClInclude Include="src\RealBloom\ConvolutionGPUBinary.h">
      <Filter>Header Files</Filter>
    </ClInclude>
    <ClInclude Include="src\Async.h">
      <Filter>Header Files</Filter>
    </ClInclude>
    <ClInclude Include="include\inih\INIReader.h">
      <Filter>Header Files</Filter>
    </ClInclude>
    <ClInclude Include="resource.h">
      <Filter>Header Files</Filter>
    </ClInclude>
    <ClInclude Include="include\ocio\OpenColorABI.h">
      <Filter>Header Files</Filter>
    </ClInclude>
    <ClInclude Include="include\ocio\OpenColorAppHelpers.h">
      <Filter>Header Files</Filter>
    </ClInclude>
    <ClInclude Include="include\ocio\OpenColorIO.h">
      <Filter>Header Files</Filter>
    </ClInclude>
    <ClInclude Include="include\ocio\OpenColorTransforms.h">
      <Filter>Header Files</Filter>
    </ClInclude>
    <ClInclude Include="include\ocio\OpenColorTypes.h">
      <Filter>Header Files</Filter>
    </ClInclude>
    <ClInclude Include="include\oiio\detail\fmt\core.h">
      <Filter>Header Files</Filter>
    </ClInclude>
    <ClInclude Include="include\oiio\detail\fmt\format.h">
      <Filter>Header Files</Filter>
    </ClInclude>
    <ClInclude Include="include\oiio\detail\fmt\format-inl.h">
      <Filter>Header Files</Filter>
    </ClInclude>
    <ClInclude Include="include\oiio\detail\fmt\ostream.h">
      <Filter>Header Files</Filter>
    </ClInclude>
    <ClInclude Include="include\oiio\detail\fmt\printf.h">
      <Filter>Header Files</Filter>
    </ClInclude>
    <ClInclude Include="include\oiio\detail\pugixml\pugiconfig.hpp">
      <Filter>Header Files</Filter>
    </ClInclude>
    <ClInclude Include="include\oiio\detail\pugixml\pugixml.hpp">
      <Filter>Header Files</Filter>
    </ClInclude>
    <ClInclude Include="include\oiio\detail\farmhash.h">
      <Filter>Header Files</Filter>
    </ClInclude>
    <ClInclude Include="include\oiio\detail\fmt.h">
      <Filter>Header Files</Filter>
    </ClInclude>
    <ClInclude Include="include\oiio\argparse.h">
      <Filter>Header Files</Filter>
    </ClInclude>
    <ClInclude Include="include\oiio\array_view.h">
      <Filter>Header Files</Filter>
    </ClInclude>
    <ClInclude Include="include\oiio\atomic.h">
      <Filter>Header Files</Filter>
    </ClInclude>
    <ClInclude Include="include\oiio\attrdelegate.h">
      <Filter>Header Files</Filter>
    </ClInclude>
    <ClInclude Include="include\oiio\benchmark.h">
      <Filter>Header Files</Filter>
    </ClInclude>
    <ClInclude Include="include\oiio\c-deepdata.h">
      <Filter>Header Files</Filter>
    </ClInclude>
    <ClInclude Include="include\oiio\color.h">
      <Filter>Header Files</Filter>
    </ClInclude>
    <ClInclude Include="include\oiio\c-paramlist.h">
      <Filter>Header Files</Filter>
    </ClInclude>
    <ClInclude Include="include\oiio\c-typedesc.h">
      <Filter>Header Files</Filter>
    </ClInclude>
    <ClInclude Include="include\oiio\dassert.h">
      <Filter>Header Files</Filter>
    </ClInclude>
    <ClInclude Include="include\oiio\deepdata.h">
      <Filter>Header Files</Filter>
    </ClInclude>
    <ClInclude Include="include\oiio\errorhandler.h">
      <Filter>Header Files</Filter>
    </ClInclude>
    <ClInclude Include="include\oiio\export.h">
      <Filter>Header Files</Filter>
    </ClInclude>
    <ClInclude Include="include\oiio\filesystem.h">
      <Filter>Header Files</Filter>
    </ClInclude>
    <ClInclude Include="include\oiio\filter.h">
      <Filter>Header Files</Filter>
    </ClInclude>
    <ClInclude Include="include\oiio\fmath.h">
      <Filter>Header Files</Filter>
    </ClInclude>
    <ClInclude Include="include\oiio\fstream_mingw.h">
      <Filter>Header Files</Filter>
    </ClInclude>
    <ClInclude Include="include\oiio\function_view.h">
      <Filter>Header Files</Filter>
    </ClInclude>
    <ClInclude Include="include\oiio\hash.h">
      <Filter>Header Files</Filter>
    </ClInclude>
    <ClInclude Include="include\oiio\image_view.h">
      <Filter>Header Files</Filter>
    </ClInclude>
    <ClInclude Include="include\oiio\imagebuf.h">
      <Filter>Header Files</Filter>
    </ClInclude>
    <ClInclude Include="include\oiio\imagebufalgo.h">
      <Filter>Header Files</Filter>
    </ClInclude>
    <ClInclude Include="include\oiio\imagebufalgo_util.h">
      <Filter>Header Files</Filter>
    </ClInclude>
    <ClInclude Include="include\oiio\imagecache.h">
      <Filter>Header Files</Filter>
    </ClInclude>
    <ClInclude Include="include\oiio\imageio.h">
      <Filter>Header Files</Filter>
    </ClInclude>
    <ClInclude Include="include\oiio\Imath.h">
      <Filter>Header Files</Filter>
    </ClInclude>
    <ClInclude Include="include\oiio\missing_math.h">
      <Filter>Header Files</Filter>
    </ClInclude>
    <ClInclude Include="include\oiio\oiioversion.h">
      <Filter>Header Files</Filter>
    </ClInclude>
    <ClInclude Include="include\oiio\optparser.h">
      <Filter>Header Files</Filter>
    </ClInclude>
    <ClInclude Include="include\oiio\parallel.h">
      <Filter>Header Files</Filter>
    </ClInclude>
    <ClInclude Include="include\oiio\paramlist.h">
      <Filter>Header Files</Filter>
    </ClInclude>
    <ClInclude Include="include\oiio\platform.h">
      <Filter>Header Files</Filter>
    </ClInclude>
    <ClInclude Include="include\oiio\plugin.h">
      <Filter>Header Files</Filter>
    </ClInclude>
    <ClInclude Include="include\oiio\refcnt.h">
      <Filter>Header Files</Filter>
    </ClInclude>
    <ClInclude Include="include\oiio\simd.h">
      <Filter>Header Files</Filter>
    </ClInclude>
    <ClInclude Include="include\oiio\span.h">
      <Filter>Header Files</Filter>
    </ClInclude>
    <ClInclude Include="include\oiio\strided_ptr.h">
      <Filter>Header Files</Filter>
    </ClInclude>
    <ClInclude Include="include\oiio\string_view.h">
      <Filter>Header Files</Filter>
    </ClInclude>
    <ClInclude Include="include\oiio\strongparam.h">
      <Filter>Header Files</Filter>
    </ClInclude>
    <ClInclude Include="include\oiio\strutil.h">
      <Filter>Header Files</Filter>
    </ClInclude>
    <ClInclude Include="include\oiio\sysutil.h">
      <Filter>Header Files</Filter>
    </ClInclude>
    <ClInclude Include="include\oiio\texture.h">
      <Filter>Header Files</Filter>
    </ClInclude>
    <ClInclude Include="include\oiio\thread.h">
      <Filter>Header Files</Filter>
    </ClInclude>
    <ClInclude Include="include\oiio\tiffutils.h">
      <Filter>Header Files</Filter>
    </ClInclude>
    <ClInclude Include="include\oiio\timer.h">
      <Filter>Header Files</Filter>
    </ClInclude>
    <ClInclude Include="include\oiio\type_traits.h">
      <Filter>Header Files</Filter>
    </ClInclude>
    <ClInclude Include="include\oiio\typedesc.h">
      <Filter>Header Files</Filter>
    </ClInclude>
    <ClInclude Include="include\oiio\unittest.h">
      <Filter>Header Files</Filter>
    </ClInclude>
    <ClInclude Include="include\oiio\unordered_map_concurrent.h">
      <Filter>Header Files</Filter>
    </ClInclude>
    <ClInclude Include="include\oiio\ustring.h">
      <Filter>Header Files</Filter>
    </ClInclude>
    <ClInclude Include="include\oiio\varyingref.h">
      <Filter>Header Files</Filter>
    </ClInclude>
    <ClInclude Include="include\oiio\version.h">
      <Filter>Header Files</Filter>
    </ClInclude>
    <ClInclude Include="src\ColorManagement\CMImage.h">
      <Filter>Header Files</Filter>
    </ClInclude>
    <ClInclude Include="src\ColorManagement\CMImageIO.h">
      <Filter>Header Files</Filter>
    </ClInclude>
    <ClInclude Include="src\ColorManagement\CMS.h">
      <Filter>Header Files</Filter>
    </ClInclude>
  </ItemGroup>
  <ItemGroup>
    <None Include="libs\glfw3\glfw3.dll" />
  </ItemGroup>
  <ItemGroup>
    <Library Include="libs\fftw\libfftw3-3.lib" />
    <Library Include="libs\fftw\libfftw3f-3.lib" />
    <Library Include="libs\fftw\libfftw3l-3.lib" />
    <Library Include="libs\glfw3\glfw3.lib" />
    <Library Include="libs\glfw3\glfw3_mt.lib" />
    <Library Include="libs\glfw3\glfw3dll.lib" />
    <Library Include="libs\nfd\nfd.lib" />
    <Library Include="libs\glew\glew32s.lib" />
    <Library Include="libs\ocio\OpenColorIO.lib" />
    <Library Include="libs\oiio\OpenImageIO_Util.lib" />
    <Library Include="libs\oiio\OpenImageIO.lib" />
  </ItemGroup>
  <ItemGroup>
    <CopyFileToFolders Include="libs\libtiff\tiff.dll" />
    <CopyFileToFolders Include="libs\libtiff\tiffxx.dll" />
    <CopyFileToFolders Include="libs\fftw\libfftw3-3.dll" />
    <CopyFileToFolders Include="libs\fftw\libfftw3f-3.dll" />
    <CopyFileToFolders Include="libs\fftw\libfftw3l-3.dll" />
    <CopyFileToFolders Include="imgui.ini" />
    <CopyFileToFolders Include="config.ini" />
  </ItemGroup>
  <ItemGroup>
    <ResourceCompile Include="RealBloomCPP.rc">
      <Filter>Resource Files</Filter>
    </ResourceCompile>
  </ItemGroup>
  <ItemGroup>
    <Image Include="icon.ico">
      <Filter>Resource Files</Filter>
    </Image>
  </ItemGroup>
</Project>